
Microsoft Visual Studio Solution File, Format Version 12.00
# Visual Studio Version 17
VisualStudioVersion = 17.1.32328.378
MinimumVisualStudioVersion = 10.0.40219.1
Project("{2150E333-8FDC-42A3-9474-1A3956D46DE8}") = "Applications", "Applications", "{FB9FFF98-ABEB-4CBF-9F80-F1F3BCAEA953}"
EndProject
Project("{2150E333-8FDC-42A3-9474-1A3956D46DE8}") = "Extensions", "Extensions", "{4ABB8327-D718-4CBB-82CD-9E6D3EA74871}"
EndProject
Project("{2150E333-8FDC-42A3-9474-1A3956D46DE8}") = "Sinks", "Sinks", "{3B3FAF8D-F4F2-47C0-BAFC-884EB79344D1}"
EndProject
Project("{9A19103F-16F7-4668-BE54-9A1E7A4F7556}") = "Log Tester", "Applications\Log Tester\Log Tester.csproj", "{72A923EF-380F-42B9-ABF3-DF33F6D9E420}"
EndProject
Project("{9A19103F-16F7-4668-BE54-9A1E7A4F7556}") = "PowerLog File Sink", "Sinks\PowerLog File Sink\PowerLog File Sink.csproj", "{4BC80175-7FFC-49A4-9909-E2F806B99BD2}"
EndProject
Project("{9A19103F-16F7-4668-BE54-9A1E7A4F7556}") = "PowerLog", "Library\PowerLog\PowerLog.csproj", "{94D6189C-B601-41AC-86F2-7A360764A6B4}"
EndProject
Project("{2150E333-8FDC-42A3-9474-1A3956D46DE8}") = "Library", "Library", "{6B451A9F-1937-40B1-B570-7F744989F130}"
EndProject
Project("{2150E333-8FDC-42A3-9474-1A3956D46DE8}") = "PowerLog File Sink", "PowerLog File Sink", "{62BD08FE-6891-48E9-A821-0A5B75B01447}"
EndProject
Project("{2150E333-8FDC-42A3-9474-1A3956D46DE8}") = "PowerLog Console Sink", "PowerLog Console Sink", "{7AC15300-9068-410F-930E-ECC39CDA37DC}"
EndProject
Project("{9A19103F-16F7-4668-BE54-9A1E7A4F7556}") = "PowerLog Console Sink", "Sinks\PowerLog Console Sink\PowerLog Console Sink.csproj", "{B8594B58-F2C0-4E5C-843E-879C0909F708}"
EndProject
Project("{2150E333-8FDC-42A3-9474-1A3956D46DE8}") = "PowerLog Debugger Sink", "PowerLog Debugger Sink", "{DFB634B9-7B42-4AE0-8198-C21D8419D81C}"
EndProject
Project("{9A19103F-16F7-4668-BE54-9A1E7A4F7556}") = "PowerLog Debugger Sink", "Sinks\PowerLog Debugger Sink\PowerLog Debugger Sink.csproj", "{0EBA81DF-BCE9-4CC4-A139-B5D296028313}"
EndProject
Project("{2150E333-8FDC-42A3-9474-1A3956D46DE8}") = "PowerLog Markdown Sink", "PowerLog Markdown Sink", "{A38CD7AD-9570-4341-B49F-79CF2CE90DFA}"
EndProject
Project("{9A19103F-16F7-4668-BE54-9A1E7A4F7556}") = "PowerLog Markdown Sink", "Sinks\PowerLog Markdown Sink\PowerLog Markdown Sink.csproj", "{50E76FA4-8B24-4812-9E16-1979C92CE671}"
EndProject
Project("{2150E333-8FDC-42A3-9474-1A3956D46DE8}") = "PowerLog Spectre Console Sink", "PowerLog Spectre Console Sink", "{9F2CDE41-AF8E-49E1-9E37-12E4A04123B7}"
EndProject
Project("{9A19103F-16F7-4668-BE54-9A1E7A4F7556}") = "PowerLog Spectre Console Sink", "Sinks\PowerLog Spectre Console Sink\PowerLog Spectre Console Sink.csproj", "{C667017C-9F30-4E20-9052-E8B32E062644}"
EndProject
Global
	GlobalSection(SolutionConfigurationPlatforms) = preSolution
		Debug|Any CPU = Debug|Any CPU
		Release|Any CPU = Release|Any CPU
	EndGlobalSection
	GlobalSection(ProjectConfigurationPlatforms) = postSolution
		{72A923EF-380F-42B9-ABF3-DF33F6D9E420}.Debug|Any CPU.ActiveCfg = Debug|Any CPU
		{72A923EF-380F-42B9-ABF3-DF33F6D9E420}.Debug|Any CPU.Build.0 = Debug|Any CPU
		{72A923EF-380F-42B9-ABF3-DF33F6D9E420}.Release|Any CPU.ActiveCfg = Release|Any CPU
		{72A923EF-380F-42B9-ABF3-DF33F6D9E420}.Release|Any CPU.Build.0 = Release|Any CPU
		{4BC80175-7FFC-49A4-9909-E2F806B99BD2}.Debug|Any CPU.ActiveCfg = Debug|Any CPU
		{4BC80175-7FFC-49A4-9909-E2F806B99BD2}.Debug|Any CPU.Build.0 = Debug|Any CPU
		{4BC80175-7FFC-49A4-9909-E2F806B99BD2}.Release|Any CPU.ActiveCfg = Release|Any CPU
		{4BC80175-7FFC-49A4-9909-E2F806B99BD2}.Release|Any CPU.Build.0 = Release|Any CPU
		{94D6189C-B601-41AC-86F2-7A360764A6B4}.Debug|Any CPU.ActiveCfg = Debug|Any CPU
		{94D6189C-B601-41AC-86F2-7A360764A6B4}.Debug|Any CPU.Build.0 = Debug|Any CPU
		{94D6189C-B601-41AC-86F2-7A360764A6B4}.Release|Any CPU.ActiveCfg = Release|Any CPU
		{94D6189C-B601-41AC-86F2-7A360764A6B4}.Release|Any CPU.Build.0 = Release|Any CPU
		{B8594B58-F2C0-4E5C-843E-879C0909F708}.Debug|Any CPU.ActiveCfg = Debug|Any CPU
		{B8594B58-F2C0-4E5C-843E-879C0909F708}.Debug|Any CPU.Build.0 = Debug|Any CPU
		{B8594B58-F2C0-4E5C-843E-879C0909F708}.Release|Any CPU.ActiveCfg = Release|Any CPU
		{B8594B58-F2C0-4E5C-843E-879C0909F708}.Release|Any CPU.Build.0 = Release|Any CPU
		{0EBA81DF-BCE9-4CC4-A139-B5D296028313}.Debug|Any CPU.ActiveCfg = Debug|Any CPU
		{0EBA81DF-BCE9-4CC4-A139-B5D296028313}.Debug|Any CPU.Build.0 = Debug|Any CPU
		{0EBA81DF-BCE9-4CC4-A139-B5D296028313}.Release|Any CPU.ActiveCfg = Release|Any CPU
		{0EBA81DF-BCE9-4CC4-A139-B5D296028313}.Release|Any CPU.Build.0 = Release|Any CPU
		{50E76FA4-8B24-4812-9E16-1979C92CE671}.Debug|Any CPU.ActiveCfg = Debug|Any CPU
		{50E76FA4-8B24-4812-9E16-1979C92CE671}.Debug|Any CPU.Build.0 = Debug|Any CPU
		{50E76FA4-8B24-4812-9E16-1979C92CE671}.Release|Any CPU.ActiveCfg = Release|Any CPU
		{50E76FA4-8B24-4812-9E16-1979C92CE671}.Release|Any CPU.Build.0 = Release|Any CPU
		{C667017C-9F30-4E20-9052-E8B32E062644}.Debug|Any CPU.ActiveCfg = Debug|Any CPU
		{C667017C-9F30-4E20-9052-E8B32E062644}.Debug|Any CPU.Build.0 = Debug|Any CPU
		{C667017C-9F30-4E20-9052-E8B32E062644}.Release|Any CPU.ActiveCfg = Release|Any CPU
		{C667017C-9F30-4E20-9052-E8B32E062644}.Release|Any CPU.Build.0 = Release|Any CPU
	EndGlobalSection
	GlobalSection(SolutionProperties) = preSolution
		HideSolutionNode = FALSE
	EndGlobalSection
	GlobalSection(NestedProjects) = preSolution
		{72A923EF-380F-42B9-ABF3-DF33F6D9E420} = {FB9FFF98-ABEB-4CBF-9F80-F1F3BCAEA953}
		{4BC80175-7FFC-49A4-9909-E2F806B99BD2} = {62BD08FE-6891-48E9-A821-0A5B75B01447}
		{94D6189C-B601-41AC-86F2-7A360764A6B4} = {6B451A9F-1937-40B1-B570-7F744989F130}
		{62BD08FE-6891-48E9-A821-0A5B75B01447} = {3B3FAF8D-F4F2-47C0-BAFC-884EB79344D1}
		{7AC15300-9068-410F-930E-ECC39CDA37DC} = {3B3FAF8D-F4F2-47C0-BAFC-884EB79344D1}
		{B8594B58-F2C0-4E5C-843E-879C0909F708} = {7AC15300-9068-410F-930E-ECC39CDA37DC}
		{DFB634B9-7B42-4AE0-8198-C21D8419D81C} = {3B3FAF8D-F4F2-47C0-BAFC-884EB79344D1}
		{0EBA81DF-BCE9-4CC4-A139-B5D296028313} = {DFB634B9-7B42-4AE0-8198-C21D8419D81C}
		{A38CD7AD-9570-4341-B49F-79CF2CE90DFA} = {3B3FAF8D-F4F2-47C0-BAFC-884EB79344D1}
		{50E76FA4-8B24-4812-9E16-1979C92CE671} = {A38CD7AD-9570-4341-B49F-79CF2CE90DFA}
		{9F2CDE41-AF8E-49E1-9E37-12E4A04123B7} = {3B3FAF8D-F4F2-47C0-BAFC-884EB79344D1}
		{C667017C-9F30-4E20-9052-E8B32E062644} = {9F2CDE41-AF8E-49E1-9E37-12E4A04123B7}
	EndGlobalSection
	GlobalSection(ExtensibilityGlobals) = postSolution
		SolutionGuid = {69DC3910-A53B-47D6-B4A2-8D95E586CE86}
	EndGlobalSection
EndGlobal
