
Microsoft Visual Studio Solution File, Format Version 12.00
# Visual Studio Version 17
VisualStudioVersion = 17.1.32328.378
MinimumVisualStudioVersion = 10.0.40219.1
Project("{2150E333-8FDC-42A3-9474-1A3956D46DE8}") = "Applications", "Applications", "{FB9FFF98-ABEB-4CBF-9F80-F1F3BCAEA953}"
EndProject
Project("{2150E333-8FDC-42A3-9474-1A3956D46DE8}") = "Sinks", "Sinks", "{3B3FAF8D-F4F2-47C0-BAFC-884EB79344D1}"
EndProject
Project("{9A19103F-16F7-4668-BE54-9A1E7A4F7556}") = "Log Tester", "Applications\Log Tester\Log Tester.csproj", "{72A923EF-380F-42B9-ABF3-DF33F6D9E420}"
EndProject
Project("{9A19103F-16F7-4668-BE54-9A1E7A4F7556}") = "PowerLog File Sink", "Sinks\PowerLog File Sink\PowerLog File Sink.csproj", "{4BC80175-7FFC-49A4-9909-E2F806B99BD2}"
EndProject
Project("{9A19103F-16F7-4668-BE54-9A1E7A4F7556}") = "PowerLog", "Library\PowerLog\PowerLog.csproj", "{94D6189C-B601-41AC-86F2-7A360764A6B4}"
EndProject
Project("{2150E333-8FDC-42A3-9474-1A3956D46DE8}") = "Library", "Library", "{6B451A9F-1937-40B1-B570-7F744989F130}"
EndProject
Project("{2150E333-8FDC-42A3-9474-1A3956D46DE8}") = "PowerLog File Sink", "PowerLog File Sink", "{62BD08FE-6891-48E9-A821-0A5B75B01447}"
EndProject
Project("{2150E333-8FDC-42A3-9474-1A3956D46DE8}") = "PowerLog Console Sink", "PowerLog Console Sink", "{7AC15300-9068-410F-930E-ECC39CDA37DC}"
EndProject
Project("{9A19103F-16F7-4668-BE54-9A1E7A4F7556}") = "PowerLog Console Sink", "Sinks\PowerLog Console Sink\PowerLog Console Sink.csproj", "{B8594B58-F2C0-4E5C-843E-879C0909F708}"
EndProject
Project("{2150E333-8FDC-42A3-9474-1A3956D46DE8}") = "PowerLog Debugger Sink", "PowerLog Debugger Sink", "{DFB634B9-7B42-4AE0-8198-C21D8419D81C}"
EndProject
Project("{9A19103F-16F7-4668-BE54-9A1E7A4F7556}") = "PowerLog Debugger Sink", "Sinks\PowerLog Debugger Sink\PowerLog Debugger Sink.csproj", "{0EBA81DF-BCE9-4CC4-A139-B5D296028313}"
EndProject
Project("{2150E333-8FDC-42A3-9474-1A3956D46DE8}") = "PowerLog Markdown Sink", "PowerLog Markdown Sink", "{A38CD7AD-9570-4341-B49F-79CF2CE90DFA}"
EndProject
Project("{9A19103F-16F7-4668-BE54-9A1E7A4F7556}") = "PowerLog Markdown Sink", "Sinks\PowerLog Markdown Sink\PowerLog Markdown Sink.csproj", "{50E76FA4-8B24-4812-9E16-1979C92CE671}"
EndProject
Project("{2150E333-8FDC-42A3-9474-1A3956D46DE8}") = "PowerLog Spectre Console Sink", "PowerLog Spectre Console Sink", "{9F2CDE41-AF8E-49E1-9E37-12E4A04123B7}"
EndProject
Project("{9A19103F-16F7-4668-BE54-9A1E7A4F7556}") = "PowerLog Spectre Console Sink", "Sinks\PowerLog Spectre Console Sink\PowerLog Spectre Console Sink.csproj", "{C667017C-9F30-4E20-9052-E8B32E062644}"
EndProject
Project("{2150E333-8FDC-42A3-9474-1A3956D46DE8}") = "Log Tester", "Log Tester", "{B3D19A42-2B83-425A-8EC3-FF93084EA44A}"
EndProject
Project("{2150E333-8FDC-42A3-9474-1A3956D46DE8}") = "Log Benchmark", "Log Benchmark", "{D176F263-C175-4007-9F5C-5E2FF62626AB}"
EndProject
Project("{9A19103F-16F7-4668-BE54-9A1E7A4F7556}") = "Log Benchmark", "Applications\Log Benchmark\Log Benchmark.csproj", "{15CBF63D-CA97-41F6-90BC-C8B82525FB98}"
EndProject
Project("{2150E333-8FDC-42A3-9474-1A3956D46DE8}") = "Enrichers", "Enrichers", "{7CFF2C7D-7B68-4234-855B-CDD8F9BE6956}"
EndProject
Project("{2150E333-8FDC-42A3-9474-1A3956D46DE8}") = "PowerLog Stacktrace Enricher", "PowerLog Stacktrace Enricher", "{E4557732-E832-4326-BEAB-4CE177C6A03B}"
EndProject
Project("{9A19103F-16F7-4668-BE54-9A1E7A4F7556}") = "PowerLog Stacktrace Enricher", "Enrichers\PowerLog Stacktrace Enricher\PowerLog Stacktrace Enricher.csproj", "{7972AF1F-8507-42B9-BFED-AF5707077F9F}"
EndProject
Project("{2150E333-8FDC-42A3-9474-1A3956D46DE8}") = "PowerLog Environment Enricher", "PowerLog Environment Enricher", "{68D9AB02-7FA4-4231-9EF2-4D56217CEBC7}"
EndProject
Project("{9A19103F-16F7-4668-BE54-9A1E7A4F7556}") = "PowerLog Environment Enricher", "Enrichers\PowerLog Environment Enricher\PowerLog Environment Enricher.csproj", "{E909F55F-0CD2-48B4-BB7C-2E04844487B7}"
EndProject
Project("{2150E333-8FDC-42A3-9474-1A3956D46DE8}") = "PowerLog Process Enricher", "PowerLog Process Enricher", "{9E0DAB47-FF1B-4841-8108-0EE94862A33B}"
EndProject
Project("{9A19103F-16F7-4668-BE54-9A1E7A4F7556}") = "PowerLog Process Enricher", "Enrichers\PowerLog Process Enricher\PowerLog Process Enricher.csproj", "{28B71E29-74C4-43AC-8770-7BBA32D36ED2}"
EndProject
Project("{2150E333-8FDC-42A3-9474-1A3956D46DE8}") = "PowerLog Thread Enricher", "PowerLog Thread Enricher", "{312DAADC-F134-41BD-B507-0933A48EBD7A}"
EndProject
Project("{9A19103F-16F7-4668-BE54-9A1E7A4F7556}") = "PowerLog Thread Enricher", "Enrichers\PowerLog Thread Enricher\PowerLog Thread Enricher.csproj", "{3AA218D7-BC4A-46B7-8ABD-A6918EBECC94}"
EndProject
Project("{2150E333-8FDC-42A3-9474-1A3956D46DE8}") = "PowerLog", "PowerLog", "{116A92A2-3906-434F-A9F7-BCC81787BF80}"
EndProject
Project("{2150E333-8FDC-42A3-9474-1A3956D46DE8}") = "Filters", "Filters", "{98BDA4F4-D5CC-4E85-89DC-A72837E687F3}"
EndProject
Project("{2150E333-8FDC-42A3-9474-1A3956D46DE8}") = "PowerLog Predicate Filter", "PowerLog Predicate Filter", "{0BAE0232-EC3F-49DE-A0E8-8F7D0757CED3}"
EndProject
Project("{9A19103F-16F7-4668-BE54-9A1E7A4F7556}") = "PowerLog Predicate Filter", "Filters\PowerLog Predicate Filter\PowerLog Predicate Filter.csproj", "{ED502107-0478-4EAD-B10B-6DCDDC420244}"
EndProject
Project("{2150E333-8FDC-42A3-9474-1A3956D46DE8}") = "PowerLog Asynchronous Sink", "PowerLog Asynchronous Sink", "{B23F24FA-0039-4E5C-977A-DD9D1F3282A9}"
EndProject
Project("{9A19103F-16F7-4668-BE54-9A1E7A4F7556}") = "PowerLog Asynchronous Sink", "Sinks\PowerLog Asynchronous Sink\PowerLog Asynchronous Sink.csproj", "{0B177709-299B-4C0D-9B7B-162A26223D6C}"
EndProject
Project("{2150E333-8FDC-42A3-9474-1A3956D46DE8}") = "PowerLog Logger Sink", "PowerLog Logger Sink", "{BF4081C9-A76A-4A1B-9966-6834C0603E64}"
EndProject
Project("{9A19103F-16F7-4668-BE54-9A1E7A4F7556}") = "PowerLog Logger Sink", "Sinks\PowerLog Logger Sink\PowerLog Logger Sink.csproj", "{8CE0C967-A65E-4C4C-8C4F-C2A2A00B9D2D}"
EndProject
Global
	GlobalSection(SolutionConfigurationPlatforms) = preSolution
		Debug|Any CPU = Debug|Any CPU
		Release|Any CPU = Release|Any CPU
	EndGlobalSection
	GlobalSection(ProjectConfigurationPlatforms) = postSolution
		{72A923EF-380F-42B9-ABF3-DF33F6D9E420}.Debug|Any CPU.ActiveCfg = Debug|Any CPU
		{72A923EF-380F-42B9-ABF3-DF33F6D9E420}.Debug|Any CPU.Build.0 = Debug|Any CPU
		{72A923EF-380F-42B9-ABF3-DF33F6D9E420}.Release|Any CPU.ActiveCfg = Release|Any CPU
		{72A923EF-380F-42B9-ABF3-DF33F6D9E420}.Release|Any CPU.Build.0 = Release|Any CPU
		{4BC80175-7FFC-49A4-9909-E2F806B99BD2}.Debug|Any CPU.ActiveCfg = Debug|Any CPU
		{4BC80175-7FFC-49A4-9909-E2F806B99BD2}.Debug|Any CPU.Build.0 = Debug|Any CPU
		{4BC80175-7FFC-49A4-9909-E2F806B99BD2}.Release|Any CPU.ActiveCfg = Release|Any CPU
		{4BC80175-7FFC-49A4-9909-E2F806B99BD2}.Release|Any CPU.Build.0 = Release|Any CPU
		{94D6189C-B601-41AC-86F2-7A360764A6B4}.Debug|Any CPU.ActiveCfg = Debug|Any CPU
		{94D6189C-B601-41AC-86F2-7A360764A6B4}.Debug|Any CPU.Build.0 = Debug|Any CPU
		{94D6189C-B601-41AC-86F2-7A360764A6B4}.Release|Any CPU.ActiveCfg = Release|Any CPU
		{94D6189C-B601-41AC-86F2-7A360764A6B4}.Release|Any CPU.Build.0 = Release|Any CPU
		{B8594B58-F2C0-4E5C-843E-879C0909F708}.Debug|Any CPU.ActiveCfg = Debug|Any CPU
		{B8594B58-F2C0-4E5C-843E-879C0909F708}.Debug|Any CPU.Build.0 = Debug|Any CPU
		{B8594B58-F2C0-4E5C-843E-879C0909F708}.Release|Any CPU.ActiveCfg = Release|Any CPU
		{B8594B58-F2C0-4E5C-843E-879C0909F708}.Release|Any CPU.Build.0 = Release|Any CPU
		{0EBA81DF-BCE9-4CC4-A139-B5D296028313}.Debug|Any CPU.ActiveCfg = Debug|Any CPU
		{0EBA81DF-BCE9-4CC4-A139-B5D296028313}.Debug|Any CPU.Build.0 = Debug|Any CPU
		{0EBA81DF-BCE9-4CC4-A139-B5D296028313}.Release|Any CPU.ActiveCfg = Release|Any CPU
		{0EBA81DF-BCE9-4CC4-A139-B5D296028313}.Release|Any CPU.Build.0 = Release|Any CPU
		{50E76FA4-8B24-4812-9E16-1979C92CE671}.Debug|Any CPU.ActiveCfg = Debug|Any CPU
		{50E76FA4-8B24-4812-9E16-1979C92CE671}.Debug|Any CPU.Build.0 = Debug|Any CPU
		{50E76FA4-8B24-4812-9E16-1979C92CE671}.Release|Any CPU.ActiveCfg = Release|Any CPU
		{50E76FA4-8B24-4812-9E16-1979C92CE671}.Release|Any CPU.Build.0 = Release|Any CPU
		{C667017C-9F30-4E20-9052-E8B32E062644}.Debug|Any CPU.ActiveCfg = Debug|Any CPU
		{C667017C-9F30-4E20-9052-E8B32E062644}.Debug|Any CPU.Build.0 = Debug|Any CPU
		{C667017C-9F30-4E20-9052-E8B32E062644}.Release|Any CPU.ActiveCfg = Release|Any CPU
		{C667017C-9F30-4E20-9052-E8B32E062644}.Release|Any CPU.Build.0 = Release|Any CPU
		{15CBF63D-CA97-41F6-90BC-C8B82525FB98}.Debug|Any CPU.ActiveCfg = Debug|Any CPU
		{15CBF63D-CA97-41F6-90BC-C8B82525FB98}.Debug|Any CPU.Build.0 = Debug|Any CPU
		{15CBF63D-CA97-41F6-90BC-C8B82525FB98}.Release|Any CPU.ActiveCfg = Release|Any CPU
		{15CBF63D-CA97-41F6-90BC-C8B82525FB98}.Release|Any CPU.Build.0 = Release|Any CPU
		{7972AF1F-8507-42B9-BFED-AF5707077F9F}.Debug|Any CPU.ActiveCfg = Debug|Any CPU
		{7972AF1F-8507-42B9-BFED-AF5707077F9F}.Debug|Any CPU.Build.0 = Debug|Any CPU
		{7972AF1F-8507-42B9-BFED-AF5707077F9F}.Release|Any CPU.ActiveCfg = Release|Any CPU
		{7972AF1F-8507-42B9-BFED-AF5707077F9F}.Release|Any CPU.Build.0 = Release|Any CPU
		{E909F55F-0CD2-48B4-BB7C-2E04844487B7}.Debug|Any CPU.ActiveCfg = Debug|Any CPU
		{E909F55F-0CD2-48B4-BB7C-2E04844487B7}.Debug|Any CPU.Build.0 = Debug|Any CPU
		{E909F55F-0CD2-48B4-BB7C-2E04844487B7}.Release|Any CPU.ActiveCfg = Release|Any CPU
		{E909F55F-0CD2-48B4-BB7C-2E04844487B7}.Release|Any CPU.Build.0 = Release|Any CPU
		{28B71E29-74C4-43AC-8770-7BBA32D36ED2}.Debug|Any CPU.ActiveCfg = Debug|Any CPU
		{28B71E29-74C4-43AC-8770-7BBA32D36ED2}.Debug|Any CPU.Build.0 = Debug|Any CPU
		{28B71E29-74C4-43AC-8770-7BBA32D36ED2}.Release|Any CPU.ActiveCfg = Release|Any CPU
		{28B71E29-74C4-43AC-8770-7BBA32D36ED2}.Release|Any CPU.Build.0 = Release|Any CPU
		{3AA218D7-BC4A-46B7-8ABD-A6918EBECC94}.Debug|Any CPU.ActiveCfg = Debug|Any CPU
		{3AA218D7-BC4A-46B7-8ABD-A6918EBECC94}.Debug|Any CPU.Build.0 = Debug|Any CPU
		{3AA218D7-BC4A-46B7-8ABD-A6918EBECC94}.Release|Any CPU.ActiveCfg = Release|Any CPU
		{3AA218D7-BC4A-46B7-8ABD-A6918EBECC94}.Release|Any CPU.Build.0 = Release|Any CPU
		{ED502107-0478-4EAD-B10B-6DCDDC420244}.Debug|Any CPU.ActiveCfg = Debug|Any CPU
		{ED502107-0478-4EAD-B10B-6DCDDC420244}.Debug|Any CPU.Build.0 = Debug|Any CPU
		{ED502107-0478-4EAD-B10B-6DCDDC420244}.Release|Any CPU.ActiveCfg = Release|Any CPU
		{ED502107-0478-4EAD-B10B-6DCDDC420244}.Release|Any CPU.Build.0 = Release|Any CPU
		{0B177709-299B-4C0D-9B7B-162A26223D6C}.Debug|Any CPU.ActiveCfg = Debug|Any CPU
		{0B177709-299B-4C0D-9B7B-162A26223D6C}.Debug|Any CPU.Build.0 = Debug|Any CPU
		{0B177709-299B-4C0D-9B7B-162A26223D6C}.Release|Any CPU.ActiveCfg = Release|Any CPU
		{0B177709-299B-4C0D-9B7B-162A26223D6C}.Release|Any CPU.Build.0 = Release|Any CPU
		{8CE0C967-A65E-4C4C-8C4F-C2A2A00B9D2D}.Debug|Any CPU.ActiveCfg = Debug|Any CPU
		{8CE0C967-A65E-4C4C-8C4F-C2A2A00B9D2D}.Debug|Any CPU.Build.0 = Debug|Any CPU
		{8CE0C967-A65E-4C4C-8C4F-C2A2A00B9D2D}.Release|Any CPU.ActiveCfg = Release|Any CPU
		{8CE0C967-A65E-4C4C-8C4F-C2A2A00B9D2D}.Release|Any CPU.Build.0 = Release|Any CPU
	EndGlobalSection
	GlobalSection(SolutionProperties) = preSolution
		HideSolutionNode = FALSE
	EndGlobalSection
	GlobalSection(NestedProjects) = preSolution
		{72A923EF-380F-42B9-ABF3-DF33F6D9E420} = {B3D19A42-2B83-425A-8EC3-FF93084EA44A}
		{4BC80175-7FFC-49A4-9909-E2F806B99BD2} = {62BD08FE-6891-48E9-A821-0A5B75B01447}
		{94D6189C-B601-41AC-86F2-7A360764A6B4} = {116A92A2-3906-434F-A9F7-BCC81787BF80}
		{62BD08FE-6891-48E9-A821-0A5B75B01447} = {3B3FAF8D-F4F2-47C0-BAFC-884EB79344D1}
		{7AC15300-9068-410F-930E-ECC39CDA37DC} = {3B3FAF8D-F4F2-47C0-BAFC-884EB79344D1}
		{B8594B58-F2C0-4E5C-843E-879C0909F708} = {7AC15300-9068-410F-930E-ECC39CDA37DC}
		{DFB634B9-7B42-4AE0-8198-C21D8419D81C} = {3B3FAF8D-F4F2-47C0-BAFC-884EB79344D1}
		{0EBA81DF-BCE9-4CC4-A139-B5D296028313} = {DFB634B9-7B42-4AE0-8198-C21D8419D81C}
		{A38CD7AD-9570-4341-B49F-79CF2CE90DFA} = {3B3FAF8D-F4F2-47C0-BAFC-884EB79344D1}
		{50E76FA4-8B24-4812-9E16-1979C92CE671} = {A38CD7AD-9570-4341-B49F-79CF2CE90DFA}
		{9F2CDE41-AF8E-49E1-9E37-12E4A04123B7} = {3B3FAF8D-F4F2-47C0-BAFC-884EB79344D1}
		{C667017C-9F30-4E20-9052-E8B32E062644} = {9F2CDE41-AF8E-49E1-9E37-12E4A04123B7}
		{B3D19A42-2B83-425A-8EC3-FF93084EA44A} = {FB9FFF98-ABEB-4CBF-9F80-F1F3BCAEA953}
		{D176F263-C175-4007-9F5C-5E2FF62626AB} = {FB9FFF98-ABEB-4CBF-9F80-F1F3BCAEA953}
		{15CBF63D-CA97-41F6-90BC-C8B82525FB98} = {D176F263-C175-4007-9F5C-5E2FF62626AB}
		{E4557732-E832-4326-BEAB-4CE177C6A03B} = {7CFF2C7D-7B68-4234-855B-CDD8F9BE6956}
		{7972AF1F-8507-42B9-BFED-AF5707077F9F} = {E4557732-E832-4326-BEAB-4CE177C6A03B}
		{68D9AB02-7FA4-4231-9EF2-4D56217CEBC7} = {7CFF2C7D-7B68-4234-855B-CDD8F9BE6956}
		{E909F55F-0CD2-48B4-BB7C-2E04844487B7} = {68D9AB02-7FA4-4231-9EF2-4D56217CEBC7}
		{9E0DAB47-FF1B-4841-8108-0EE94862A33B} = {7CFF2C7D-7B68-4234-855B-CDD8F9BE6956}
		{28B71E29-74C4-43AC-8770-7BBA32D36ED2} = {9E0DAB47-FF1B-4841-8108-0EE94862A33B}
		{312DAADC-F134-41BD-B507-0933A48EBD7A} = {7CFF2C7D-7B68-4234-855B-CDD8F9BE6956}
		{3AA218D7-BC4A-46B7-8ABD-A6918EBECC94} = {312DAADC-F134-41BD-B507-0933A48EBD7A}
		{116A92A2-3906-434F-A9F7-BCC81787BF80} = {6B451A9F-1937-40B1-B570-7F744989F130}
		{0BAE0232-EC3F-49DE-A0E8-8F7D0757CED3} = {98BDA4F4-D5CC-4E85-89DC-A72837E687F3}
		{ED502107-0478-4EAD-B10B-6DCDDC420244} = {0BAE0232-EC3F-49DE-A0E8-8F7D0757CED3}
		{B23F24FA-0039-4E5C-977A-DD9D1F3282A9} = {3B3FAF8D-F4F2-47C0-BAFC-884EB79344D1}
		{0B177709-299B-4C0D-9B7B-162A26223D6C} = {B23F24FA-0039-4E5C-977A-DD9D1F3282A9}
		{BF4081C9-A76A-4A1B-9966-6834C0603E64} = {3B3FAF8D-F4F2-47C0-BAFC-884EB79344D1}
		{8CE0C967-A65E-4C4C-8C4F-C2A2A00B9D2D} = {BF4081C9-A76A-4A1B-9966-6834C0603E64}
	EndGlobalSection
	GlobalSection(ExtensibilityGlobals) = postSolution
		SolutionGuid = {69DC3910-A53B-47D6-B4A2-8D95E586CE86}
	EndGlobalSection
EndGlobal
